
Microsoft Visual Studio Solution File, Format Version 12.00
# Visual Studio Version 17
VisualStudioVersion = 17.1.32414.318
MinimumVisualStudioVersion = 10.0.40219.1
Project("{FAE04EC0-301F-11D3-BF4B-00C04F79EFBC}") = "CartasEspañolas Clase 14", "CartasEspañolas Clase 14\CartasEspañolas Clase 14.csproj", "{81BA0DF8-0804-47B7-9DC6-EEA37D47447F}"
EndProject
Global
	GlobalSection(SolutionConfigurationPlatforms) = preSolution
		Debug|Any CPU = Debug|Any CPU
		Release|Any CPU = Release|Any CPU
	EndGlobalSection
	GlobalSection(ProjectConfigurationPlatforms) = postSolution
		{81BA0DF8-0804-47B7-9DC6-EEA37D47447F}.Debug|Any CPU.ActiveCfg = Debug|Any CPU
		{81BA0DF8-0804-47B7-9DC6-EEA37D47447F}.Debug|Any CPU.Build.0 = Debug|Any CPU
		{81BA0DF8-0804-47B7-9DC6-EEA37D47447F}.Release|Any CPU.ActiveCfg = Release|Any CPU
		{81BA0DF8-0804-47B7-9DC6-EEA37D47447F}.Release|Any CPU.Build.0 = Release|Any CPU
	EndGlobalSection
	GlobalSection(SolutionProperties) = preSolution
		HideSolutionNode = FALSE
	EndGlobalSection
	GlobalSection(ExtensibilityGlobals) = postSolution
		SolutionGuid = {CE72A598-EE48-4EEE-8729-D2F96AAF1659}
	EndGlobalSection
EndGlobal
