
Microsoft Visual Studio Solution File, Format Version 12.00
# Visual Studio Version 17
VisualStudioVersion = 17.1.32414.318
MinimumVisualStudioVersion = 10.0.40219.1
Project("{FAE04EC0-301F-11D3-BF4B-00C04F79EFBC}") = "Cuadrilateros- clase 16", "Cuadrilateros- clase 16\Cuadrilateros- clase 16.csproj", "{805CCB57-5C95-494F-B833-CA6B7F2D5BAA}"
EndProject
Global
	GlobalSection(SolutionConfigurationPlatforms) = preSolution
		Debug|Any CPU = Debug|Any CPU
		Release|Any CPU = Release|Any CPU
	EndGlobalSection
	GlobalSection(ProjectConfigurationPlatforms) = postSolution
		{805CCB57-5C95-494F-B833-CA6B7F2D5BAA}.Debug|Any CPU.ActiveCfg = Debug|Any CPU
		{805CCB57-5C95-494F-B833-CA6B7F2D5BAA}.Debug|Any CPU.Build.0 = Debug|Any CPU
		{805CCB57-5C95-494F-B833-CA6B7F2D5BAA}.Release|Any CPU.ActiveCfg = Release|Any CPU
		{805CCB57-5C95-494F-B833-CA6B7F2D5BAA}.Release|Any CPU.Build.0 = Release|Any CPU
	EndGlobalSection
	GlobalSection(SolutionProperties) = preSolution
		HideSolutionNode = FALSE
	EndGlobalSection
	GlobalSection(ExtensibilityGlobals) = postSolution
		SolutionGuid = {4879CBA9-7DED-439B-B118-F742EFEF1925}
	EndGlobalSection
EndGlobal
