
Microsoft Visual Studio Solution File, Format Version 12.00
# Visual Studio Version 17
VisualStudioVersion = 17.4.33103.184
MinimumVisualStudioVersion = 10.0.40219.1
Project("{FAE04EC0-301F-11D3-BF4B-00C04F79EFBC}") = "Ejercicio Billetera", "Ejercicio Billetera\Ejercicio Billetera.csproj", "{8256E158-1C17-4775-B69C-74A9A2348E25}"
EndProject
Global
	GlobalSection(SolutionConfigurationPlatforms) = preSolution
		Debug|Any CPU = Debug|Any CPU
		Release|Any CPU = Release|Any CPU
	EndGlobalSection
	GlobalSection(ProjectConfigurationPlatforms) = postSolution
		{8256E158-1C17-4775-B69C-74A9A2348E25}.Debug|Any CPU.ActiveCfg = Debug|Any CPU
		{8256E158-1C17-4775-B69C-74A9A2348E25}.Debug|Any CPU.Build.0 = Debug|Any CPU
		{8256E158-1C17-4775-B69C-74A9A2348E25}.Release|Any CPU.ActiveCfg = Release|Any CPU
		{8256E158-1C17-4775-B69C-74A9A2348E25}.Release|Any CPU.Build.0 = Release|Any CPU
	EndGlobalSection
	GlobalSection(SolutionProperties) = preSolution
		HideSolutionNode = FALSE
	EndGlobalSection
	GlobalSection(ExtensibilityGlobals) = postSolution
		SolutionGuid = {F88E6CE3-990F-487C-9BF1-863D80DB552A}
	EndGlobalSection
EndGlobal
